
Microsoft Visual Studio Solution File, Format Version 12.00
# Visual Studio Version 16
VisualStudioVersion = 16.0.31321.278
MinimumVisualStudioVersion = 10.0.40219.1
Project("{FAE04EC0-301F-11D3-BF4B-00C04F79EFBC}") = "BilgiYarışması_FormKamp", "BilgiYarışması_FormKamp\BilgiYarışması_FormKamp.csproj", "{D6AF9914-85B9-456B-A164-6A8AA68464D6}"
EndProject
Global
	GlobalSection(SolutionConfigurationPlatforms) = preSolution
		Debug|Any CPU = Debug|Any CPU
		Release|Any CPU = Release|Any CPU
	EndGlobalSection
	GlobalSection(ProjectConfigurationPlatforms) = postSolution
		{D6AF9914-85B9-456B-A164-6A8AA68464D6}.Debug|Any CPU.ActiveCfg = Debug|Any CPU
		{D6AF9914-85B9-456B-A164-6A8AA68464D6}.Debug|Any CPU.Build.0 = Debug|Any CPU
		{D6AF9914-85B9-456B-A164-6A8AA68464D6}.Release|Any CPU.ActiveCfg = Release|Any CPU
		{D6AF9914-85B9-456B-A164-6A8AA68464D6}.Release|Any CPU.Build.0 = Release|Any CPU
	EndGlobalSection
	GlobalSection(SolutionProperties) = preSolution
		HideSolutionNode = FALSE
	EndGlobalSection
	GlobalSection(ExtensibilityGlobals) = postSolution
		SolutionGuid = {11F3DA0A-3BE8-44E3-BA03-77F34059143D}
	EndGlobalSection
EndGlobal
